
Microsoft Visual Studio Solution File, Format Version 12.00
# Visual Studio Version 16
VisualStudioVersion = 25.0.1700.1
MinimumVisualStudioVersion = 10.0.40219.1
Project("{FAE04EC0-301F-11D3-BF4B-00C04F79EFBC}") = "Exercicio2", "Exercicio2.csproj", "{4DDC829D-CF9A-4882-82D6-8EAD0117FA45}"
EndProject
Global
	GlobalSection(SolutionConfigurationPlatforms) = preSolution
		Debug|Any CPU = Debug|Any CPU
		Release|Any CPU = Release|Any CPU
	EndGlobalSection
	GlobalSection(ProjectConfigurationPlatforms) = postSolution
		{4DDC829D-CF9A-4882-82D6-8EAD0117FA45}.Debug|Any CPU.ActiveCfg = Debug|Any CPU
		{4DDC829D-CF9A-4882-82D6-8EAD0117FA45}.Debug|Any CPU.Build.0 = Debug|Any CPU
		{4DDC829D-CF9A-4882-82D6-8EAD0117FA45}.Release|Any CPU.ActiveCfg = Release|Any CPU
		{4DDC829D-CF9A-4882-82D6-8EAD0117FA45}.Release|Any CPU.Build.0 = Release|Any CPU
	EndGlobalSection
	GlobalSection(SolutionProperties) = preSolution
		HideSolutionNode = FALSE
	EndGlobalSection
	GlobalSection(ExtensibilityGlobals) = postSolution
		SolutionGuid = {0CB71468-C4F3-466A-B46F-4D99FBD8CDFA}
	EndGlobalSection
EndGlobal
