
Microsoft Visual Studio Solution File, Format Version 12.00
# Visual Studio Version 16
VisualStudioVersion = 25.0.1700.1
MinimumVisualStudioVersion = 10.0.40219.1
Project("{FAE04EC0-301F-11D3-BF4B-00C04F79EFBC}") = "Exercicio1", "Exercicio1.csproj", "{DE4ABA0F-036D-4C5C-AC30-845B8C1973FA}"
EndProject
Global
	GlobalSection(SolutionConfigurationPlatforms) = preSolution
		Debug|Any CPU = Debug|Any CPU
		Release|Any CPU = Release|Any CPU
	EndGlobalSection
	GlobalSection(ProjectConfigurationPlatforms) = postSolution
		{DE4ABA0F-036D-4C5C-AC30-845B8C1973FA}.Debug|Any CPU.ActiveCfg = Debug|Any CPU
		{DE4ABA0F-036D-4C5C-AC30-845B8C1973FA}.Debug|Any CPU.Build.0 = Debug|Any CPU
		{DE4ABA0F-036D-4C5C-AC30-845B8C1973FA}.Release|Any CPU.ActiveCfg = Release|Any CPU
		{DE4ABA0F-036D-4C5C-AC30-845B8C1973FA}.Release|Any CPU.Build.0 = Release|Any CPU
	EndGlobalSection
	GlobalSection(SolutionProperties) = preSolution
		HideSolutionNode = FALSE
	EndGlobalSection
	GlobalSection(ExtensibilityGlobals) = postSolution
		SolutionGuid = {D41B3267-BAE6-45DB-AA85-6C4388525D48}
	EndGlobalSection
EndGlobal
